
Microsoft Visual Studio Solution File, Format Version 12.00
# Visual Studio Version 16
VisualStudioVersion = 16.0.31112.23
MinimumVisualStudioVersion = 10.0.40219.1
Project("{FAE04EC0-301F-11D3-BF4B-00C04F79EFBC}") = "Library", "Library\Library.csproj", "{FF58DEE6-2789-4A36-9FD1-D5E6B4B73839}"
EndProject
Global
	GlobalSection(SolutionConfigurationPlatforms) = preSolution
		Debug|Any CPU = Debug|Any CPU
		Release|Any CPU = Release|Any CPU
	EndGlobalSection
	GlobalSection(ProjectConfigurationPlatforms) = postSolution
		{FF58DEE6-2789-4A36-9FD1-D5E6B4B73839}.Debug|Any CPU.ActiveCfg = Debug|Any CPU
		{FF58DEE6-2789-4A36-9FD1-D5E6B4B73839}.Debug|Any CPU.Build.0 = Debug|Any CPU
		{FF58DEE6-2789-4A36-9FD1-D5E6B4B73839}.Release|Any CPU.ActiveCfg = Release|Any CPU
		{FF58DEE6-2789-4A36-9FD1-D5E6B4B73839}.Release|Any CPU.Build.0 = Release|Any CPU
	EndGlobalSection
	GlobalSection(SolutionProperties) = preSolution
		HideSolutionNode = FALSE
	EndGlobalSection
	GlobalSection(ExtensibilityGlobals) = postSolution
		SolutionGuid = {5122C467-6DE4-4B85-B3B2-E79EB8C267B2}
	EndGlobalSection
EndGlobal
